{
  "lockfile-version": 1,
  "manifest": {
    "version": 1,
    "install": {
      "bun": {
        "pkg-path": "bun"
      },
      "moon": {
        "pkg-path": "moon"
      },
      "nodejs": {
        "pkg-path": "nodejs"
      }
    },
    "hook": {},
    "profile": {},
    "options": {}
  },
  "packages": [
    {
      "attr_path": "bun",
      "broken": false,
      "derivation": "/nix/store/pdg9la32x8c67z5pdyv8ab9j3dlc0x0j-bun-1.2.21.drv",
      "description": "Incredibly fast JavaScript runtime, bundler, transpiler and package manager – all in one",
      "install_id": "bun",
      "license": "[ MIT, LGPL-2.1-only ]",
      "locked_url": "https://github.com/flox/nixpkgs?rev=8d4ddb19d03c65a36ad8d189d001dc32ffb0306b",
      "name": "bun-1.2.21",
      "pname": "bun",
      "rev": "8d4ddb19d03c65a36ad8d189d001dc32ffb0306b",
      "rev_count": 862643,
      "rev_date": "2025-09-16T15:19:26Z",
      "scrape_date": "2025-09-19T01:16:41.784837Z",
      "stabilities": [
        "staging",
        "unstable"
      ],
      "unfree": false,
      "version": "1.2.21",
      "outputs_to_install": [
        "out"
      ],
      "outputs": {
        "out": "/nix/store/swlkl2asa9m5qkvfcd5nzxp37awf2sh6-bun-1.2.21"
      },
      "system": "aarch64-darwin",
      "group": "toplevel",
      "priority": 5
    },
    {
      "attr_path": "bun",
      "broken": false,
      "derivation": "/nix/store/zkwj8c5g3qbbqvzkhzsm4ppvbz39c0h7-bun-1.2.21.drv",
      "description": "Incredibly fast JavaScript runtime, bundler, transpiler and package manager – all in one",
      "install_id": "bun",
      "license": "[ MIT, LGPL-2.1-only ]",
      "locked_url": "https://github.com/flox/nixpkgs?rev=8d4ddb19d03c65a36ad8d189d001dc32ffb0306b",
      "name": "bun-1.2.21",
      "pname": "bun",
      "rev": "8d4ddb19d03c65a36ad8d189d001dc32ffb0306b",
      "rev_count": 862643,
      "rev_date": "2025-09-16T15:19:26Z",
      "scrape_date": "2025-09-19T01:49:25.589272Z",
      "stabilities": [
        "staging",
        "unstable"
      ],
      "unfree": false,
      "version": "1.2.21",
      "outputs_to_install": [
        "out"
      ],
      "outputs": {
        "out": "/nix/store/vqfv9rchfpza87iysiidqz7fmxcg2jr6-bun-1.2.21"
      },
      "system": "aarch64-linux",
      "group": "toplevel",
      "priority": 5
    },
    {
      "attr_path": "bun",
      "broken": false,
      "derivation": "/nix/store/vdnsd1jv27lxdpcgg39bi0wwzp30ph8m-bun-1.2.21.drv",
      "description": "Incredibly fast JavaScript runtime, bundler, transpiler and package manager – all in one",
      "install_id": "bun",
      "license": "[ MIT, LGPL-2.1-only ]",
      "locked_url": "https://github.com/flox/nixpkgs?rev=8d4ddb19d03c65a36ad8d189d001dc32ffb0306b",
      "name": "bun-1.2.21",
      "pname": "bun",
      "rev": "8d4ddb19d03c65a36ad8d189d001dc32ffb0306b",
      "rev_count": 862643,
      "rev_date": "2025-09-16T15:19:26Z",
      "scrape_date": "2025-09-19T02:01:51.574019Z",
      "stabilities": [
        "staging",
        "unstable"
      ],
      "unfree": false,
      "version": "1.2.21",
      "outputs_to_install": [
        "out"
      ],
      "outputs": {
        "out": "/nix/store/wi4gyz34xbjqgz6n51fkcqrxfa2a7syc-bun-1.2.21"
      },
      "system": "x86_64-darwin",
      "group": "toplevel",
      "priority": 5
    },
    {
      "attr_path": "bun",
      "broken": false,
      "derivation": "/nix/store/2nvs9k2bdrgfiih71aq0p482lrhjyzms-bun-1.2.21.drv",
      "description": "Incredibly fast JavaScript runtime, bundler, transpiler and package manager – all in one",
      "install_id": "bun",
      "license": "[ MIT, LGPL-2.1-only ]",
      "locked_url": "https://github.com/flox/nixpkgs?rev=8d4ddb19d03c65a36ad8d189d001dc32ffb0306b",
      "name": "bun-1.2.21",
      "pname": "bun",
      "rev": "8d4ddb19d03c65a36ad8d189d001dc32ffb0306b",
      "rev_count": 862643,
      "rev_date": "2025-09-16T15:19:26Z",
      "scrape_date": "2025-09-19T02:33:31.349525Z",
      "stabilities": [
        "staging",
        "unstable"
      ],
      "unfree": false,
      "version": "1.2.21",
      "outputs_to_install": [
        "out"
      ],
      "outputs": {
        "out": "/nix/store/56kdm47yzczcm1vyiczay3mx6qy1l9a0-bun-1.2.21"
      },
      "system": "x86_64-linux",
      "group": "toplevel",
      "priority": 5
    },
    {
      "attr_path": "moon",
      "broken": false,
      "derivation": "/nix/store/fhkmilipf7ri3raaj6iwm8vb8bi018s9-moon-1.38.5.drv",
      "description": "Task runner and repo management tool for the web ecosystem, written in Rust",
      "install_id": "moon",
      "license": "MIT",
      "locked_url": "https://github.com/flox/nixpkgs?rev=8d4ddb19d03c65a36ad8d189d001dc32ffb0306b",
      "name": "moon-1.38.5",
      "pname": "moon",
      "rev": "8d4ddb19d03c65a36ad8d189d001dc32ffb0306b",
      "rev_count": 862643,
      "rev_date": "2025-09-16T15:19:26Z",
      "scrape_date": "2025-09-19T01:17:02.634616Z",
      "stabilities": [
        "staging",
        "unstable"
      ],
      "unfree": false,
      "version": "1.38.5",
      "outputs_to_install": [
        "out"
      ],
      "outputs": {
        "out": "/nix/store/c11rzv2fbvxikjfp3pm10fzxqnzbl079-moon-1.38.5"
      },
      "system": "aarch64-darwin",
      "group": "toplevel",
      "priority": 5
    },
    {
      "attr_path": "moon",
      "broken": false,
      "derivation": "/nix/store/88ffyg6407cyhyi8ybcnbp91ja0b9zpi-moon-1.38.5.drv",
      "description": "Task runner and repo management tool for the web ecosystem, written in Rust",
      "install_id": "moon",
      "license": "MIT",
      "locked_url": "https://github.com/flox/nixpkgs?rev=8d4ddb19d03c65a36ad8d189d001dc32ffb0306b",
      "name": "moon-1.38.5",
      "pname": "moon",
      "rev": "8d4ddb19d03c65a36ad8d189d001dc32ffb0306b",
      "rev_count": 862643,
      "rev_date": "2025-09-16T15:19:26Z",
      "scrape_date": "2025-09-19T01:50:00.766516Z",
      "stabilities": [
        "staging",
        "unstable"
      ],
      "unfree": false,
      "version": "1.38.5",
      "outputs_to_install": [
        "out"
      ],
      "outputs": {
        "out": "/nix/store/rwkljv8rzyf2scv2hn8c1l4ry9d1i9b1-moon-1.38.5"
      },
      "system": "aarch64-linux",
      "group": "toplevel",
      "priority": 5
    },
    {
      "attr_path": "moon",
      "broken": false,
      "derivation": "/nix/store/whwlvipbp853irzigx0jlc22ljjpzjr5-moon-1.38.5.drv",
      "description": "Task runner and repo management tool for the web ecosystem, written in Rust",
      "install_id": "moon",
      "license": "MIT",
      "locked_url": "https://github.com/flox/nixpkgs?rev=8d4ddb19d03c65a36ad8d189d001dc32ffb0306b",
      "name": "moon-1.38.5",
      "pname": "moon",
      "rev": "8d4ddb19d03c65a36ad8d189d001dc32ffb0306b",
      "rev_count": 862643,
      "rev_date": "2025-09-16T15:19:26Z",
      "scrape_date": "2025-09-19T02:02:12.998572Z",
      "stabilities": [
        "staging",
        "unstable"
      ],
      "unfree": false,
      "version": "1.38.5",
      "outputs_to_install": [
        "out"
      ],
      "outputs": {
        "out": "/nix/store/7896wrzbkw2zhkzb1fl3ha7kp5gy30br-moon-1.38.5"
      },
      "system": "x86_64-darwin",
      "group": "toplevel",
      "priority": 5
    },
    {
      "attr_path": "moon",
      "broken": false,
      "derivation": "/nix/store/lk6c000b86h1rswsqw988rk1n6dklrqg-moon-1.38.5.drv",
      "description": "Task runner and repo management tool for the web ecosystem, written in Rust",
      "install_id": "moon",
      "license": "MIT",
      "locked_url": "https://github.com/flox/nixpkgs?rev=8d4ddb19d03c65a36ad8d189d001dc32ffb0306b",
      "name": "moon-1.38.5",
      "pname": "moon",
      "rev": "8d4ddb19d03c65a36ad8d189d001dc32ffb0306b",
      "rev_count": 862643,
      "rev_date": "2025-09-16T15:19:26Z",
      "scrape_date": "2025-09-19T02:34:09.066176Z",
      "stabilities": [
        "staging",
        "unstable"
      ],
      "unfree": false,
      "version": "1.38.5",
      "outputs_to_install": [
        "out"
      ],
      "outputs": {
        "out": "/nix/store/k42zxwm353la8krszyyiymfzz32vzd61-moon-1.38.5"
      },
      "system": "x86_64-linux",
      "group": "toplevel",
      "priority": 5
    },
    {
      "attr_path": "nodejs",
      "broken": false,
      "derivation": "/nix/store/05pp2jwx6ixg5hp3nnpi9s2md52iw4hl-nodejs-22.19.0.drv",
      "description": "Event-driven I/O framework for the V8 JavaScript engine",
      "install_id": "nodejs",
      "license": "MIT",
      "locked_url": "https://github.com/flox/nixpkgs?rev=8d4ddb19d03c65a36ad8d189d001dc32ffb0306b",
      "name": "nodejs-22.19.0",
      "pname": "nodejs",
      "rev": "8d4ddb19d03c65a36ad8d189d001dc32ffb0306b",
      "rev_count": 862643,
      "rev_date": "2025-09-16T15:19:26Z",
      "scrape_date": "2025-09-19T01:17:04.850103Z",
      "stabilities": [
        "staging",
        "unstable"
      ],
      "unfree": false,
      "version": "22.19.0",
      "outputs_to_install": [
        "out"
      ],
      "outputs": {
        "dev": "/nix/store/2haz1qvxgshwfnf34ds3ldhrw1fr19xl-nodejs-22.19.0-dev",
        "libv8": "/nix/store/9c8wh022ri1w080xykya778gkj9y23q0-nodejs-22.19.0-libv8",
        "out": "/nix/store/3scj3c1qxh5iclf8jy5hbl9pki40y77n-nodejs-22.19.0"
      },
      "system": "aarch64-darwin",
      "group": "toplevel",
      "priority": 5
    },
    {
      "attr_path": "nodejs",
      "broken": false,
      "derivation": "/nix/store/h8ngmzg6hh3fcal7s8jrx9giq39nmiym-nodejs-22.19.0.drv",
      "description": "Event-driven I/O framework for the V8 JavaScript engine",
      "install_id": "nodejs",
      "license": "MIT",
      "locked_url": "https://github.com/flox/nixpkgs?rev=8d4ddb19d03c65a36ad8d189d001dc32ffb0306b",
      "name": "nodejs-22.19.0",
      "pname": "nodejs",
      "rev": "8d4ddb19d03c65a36ad8d189d001dc32ffb0306b",
      "rev_count": 862643,
      "rev_date": "2025-09-16T15:19:26Z",
      "scrape_date": "2025-09-19T01:50:04.393530Z",
      "stabilities": [
        "staging",
        "unstable"
      ],
      "unfree": false,
      "version": "22.19.0",
      "outputs_to_install": [
        "out"
      ],
      "outputs": {
        "dev": "/nix/store/i7d7f38736nndmiawzmrx8ncyg12bzzh-nodejs-22.19.0-dev",
        "libv8": "/nix/store/vxims6ls362vhdzlzjxpwbw8vj8p5d0s-nodejs-22.19.0-libv8",
        "out": "/nix/store/13ar46sdd3qls1q4w35qv7v9a6wpj63c-nodejs-22.19.0"
      },
      "system": "aarch64-linux",
      "group": "toplevel",
      "priority": 5
    },
    {
      "attr_path": "nodejs",
      "broken": false,
      "derivation": "/nix/store/749rj64sb8ymn392frgwiq1bn1w1l303-nodejs-22.19.0.drv",
      "description": "Event-driven I/O framework for the V8 JavaScript engine",
      "install_id": "nodejs",
      "license": "MIT",
      "locked_url": "https://github.com/flox/nixpkgs?rev=8d4ddb19d03c65a36ad8d189d001dc32ffb0306b",
      "name": "nodejs-22.19.0",
      "pname": "nodejs",
      "rev": "8d4ddb19d03c65a36ad8d189d001dc32ffb0306b",
      "rev_count": 862643,
      "rev_date": "2025-09-16T15:19:26Z",
      "scrape_date": "2025-09-19T02:02:15.527563Z",
      "stabilities": [
        "staging",
        "unstable"
      ],
      "unfree": false,
      "version": "22.19.0",
      "outputs_to_install": [
        "out"
      ],
      "outputs": {
        "dev": "/nix/store/z08yd37bvr4w54qmkb65d9wzyv27xgrd-nodejs-22.19.0-dev",
        "libv8": "/nix/store/vpz64ylnvx5hm8mx8vx35inhpzbnkljq-nodejs-22.19.0-libv8",
        "out": "/nix/store/xgqkmyswq6s9jbdhvx6x8ix2jkj0jbip-nodejs-22.19.0"
      },
      "system": "x86_64-darwin",
      "group": "toplevel",
      "priority": 5
    },
    {
      "attr_path": "nodejs",
      "broken": false,
      "derivation": "/nix/store/2mqg4y2qz8kyk9xy96z1b80h3km40nch-nodejs-22.19.0.drv",
      "description": "Event-driven I/O framework for the V8 JavaScript engine",
      "install_id": "nodejs",
      "license": "MIT",
      "locked_url": "https://github.com/flox/nixpkgs?rev=8d4ddb19d03c65a36ad8d189d001dc32ffb0306b",
      "name": "nodejs-22.19.0",
      "pname": "nodejs",
      "rev": "8d4ddb19d03c65a36ad8d189d001dc32ffb0306b",
      "rev_count": 862643,
      "rev_date": "2025-09-16T15:19:26Z",
      "scrape_date": "2025-09-19T02:34:12.687286Z",
      "stabilities": [
        "staging",
        "unstable"
      ],
      "unfree": false,
      "version": "22.19.0",
      "outputs_to_install": [
        "out"
      ],
      "outputs": {
        "dev": "/nix/store/a99hiwhamgzds70gxkfnb4cm8i926356-nodejs-22.19.0-dev",
        "libv8": "/nix/store/z6bm3d1gzn39p4yxyga4q3b1spdsggy1-nodejs-22.19.0-libv8",
        "out": "/nix/store/r4557ald6zn4dzmvgh8na9vwnwzgrjgc-nodejs-22.19.0"
      },
      "system": "x86_64-linux",
      "group": "toplevel",
      "priority": 5
    }
  ]
}